
Microsoft Visual Studio Solution File, Format Version 12.00
# Visual Studio Version 16
VisualStudioVersion = 16.0.30523.141
MinimumVisualStudioVersion = 10.0.40219.1
Project("{9A19103F-16F7-4668-BE54-9A1E7A4F7556}") = "IndianStateAnalyser", "IndianStateAnalyser\IndianStateAnalyser.csproj", "{B282E218-306D-4631-A3CF-A9318C726A95}"
EndProject
Project("{FAE04EC0-301F-11D3-BF4B-00C04F79EFBC}") = "CensusAnalyserTest", "CensusAnalyserTest\CensusAnalyserTest.csproj", "{3F5FD7AC-EFBE-4AD6-A436-1F2939D9C763}"
EndProject
Global
	GlobalSection(SolutionConfigurationPlatforms) = preSolution
		Debug|Any CPU = Debug|Any CPU
		Release|Any CPU = Release|Any CPU
	EndGlobalSection
	GlobalSection(ProjectConfigurationPlatforms) = postSolution
		{B282E218-306D-4631-A3CF-A9318C726A95}.Debug|Any CPU.ActiveCfg = Debug|Any CPU
		{B282E218-306D-4631-A3CF-A9318C726A95}.Debug|Any CPU.Build.0 = Debug|Any CPU
		{B282E218-306D-4631-A3CF-A9318C726A95}.Release|Any CPU.ActiveCfg = Release|Any CPU
		{B282E218-306D-4631-A3CF-A9318C726A95}.Release|Any CPU.Build.0 = Release|Any CPU
		{3F5FD7AC-EFBE-4AD6-A436-1F2939D9C763}.Debug|Any CPU.ActiveCfg = Debug|Any CPU
		{3F5FD7AC-EFBE-4AD6-A436-1F2939D9C763}.Debug|Any CPU.Build.0 = Debug|Any CPU
		{3F5FD7AC-EFBE-4AD6-A436-1F2939D9C763}.Release|Any CPU.ActiveCfg = Release|Any CPU
		{3F5FD7AC-EFBE-4AD6-A436-1F2939D9C763}.Release|Any CPU.Build.0 = Release|Any CPU
	EndGlobalSection
	GlobalSection(SolutionProperties) = preSolution
		HideSolutionNode = FALSE
	EndGlobalSection
	GlobalSection(ExtensibilityGlobals) = postSolution
		SolutionGuid = {9CED0DE8-819C-468F-A3E6-058B4739EF37}
	EndGlobalSection
EndGlobal
